
Microsoft Visual Studio Solution File, Format Version 12.00
# Visual Studio 15
VisualStudioVersion = 15.0.28307.645
MinimumVisualStudioVersion = 10.0.40219.1
Project("{FAE04EC0-301F-11D3-BF4B-00C04F79EFBC}") = "DoS_Tester", "DoS_Tester\DoS_Tester.csproj", "{DF761DD4-0759-4C09-939E-81CD220FA493}"
EndProject
Global
	GlobalSection(SolutionConfigurationPlatforms) = preSolution
		Debug|Any CPU = Debug|Any CPU
		Release|Any CPU = Release|Any CPU
	EndGlobalSection
	GlobalSection(ProjectConfigurationPlatforms) = postSolution
		{DF761DD4-0759-4C09-939E-81CD220FA493}.Debug|Any CPU.ActiveCfg = Debug|Any CPU
		{DF761DD4-0759-4C09-939E-81CD220FA493}.Debug|Any CPU.Build.0 = Debug|Any CPU
		{DF761DD4-0759-4C09-939E-81CD220FA493}.Release|Any CPU.ActiveCfg = Release|Any CPU
		{DF761DD4-0759-4C09-939E-81CD220FA493}.Release|Any CPU.Build.0 = Release|Any CPU
	EndGlobalSection
	GlobalSection(SolutionProperties) = preSolution
		HideSolutionNode = FALSE
	EndGlobalSection
	GlobalSection(ExtensibilityGlobals) = postSolution
		SolutionGuid = {5D56D9A8-7EB9-4183-AD5D-8762477950BC}
	EndGlobalSection
EndGlobal
